dependencies:
  espp/base_component:
    component_hash: 4eb622f2705843fc76215d51d834ee7297522e883378e706a998d4fa6e49f231
    dependencies:
    - name: espp/logger
      registry_url: https://components.espressif.com
      require: private
      version: '>=1.0'
    - name: idf
      require: private
      version: '>=5.0'
    source:
      registry_url: https://components.espressif.com/
      type: service
    version: 1.0.30
  espp/ble_gatt_server:
    component_hash: db49475f45dee4bf957fb733f84aa76bff54d57125438a10746a1c561de737ca
    dependencies:
    - name: espp/base_component
      registry_url: https://components.espressif.com
      require: private
      version: '>=1.0'
    - name: espp/cli
      registry_url: https://components.espressif.com
      require: private
      version: '>=1.0'
    - name: h2zero/esp-nimble-cpp
      registry_url: https://components.espressif.com
      require: private
      version: '>=2.3.0'
    - name: idf
      require: private
      version: '>=5.4'
    source:
      registry_url: https://components.espressif.com/
      type: service
    version: 1.0.30
  espp/cli:
    component_hash: 3578f0bdeef0074284aee15d2dc3f3f6d8a36cd198d0c6e39a8c6cc9ebe3203e
    dependencies:
    - name: espp/logger
      registry_url: https://components.espressif.com
      require: private
      version: '>=1.0'
    - name: idf
      require: private
      version: '>=5.0'
    source:
      registry_url: https://components.espressif.com
      type: service
    version: 1.0.30
  espp/color:
    component_hash: 705dc9d3cdacb3a63dd85e84f64fdc43f80f82f2b3cba4ef71b8eaa121128f0a
    dependencies:
    - name: espp/format
      registry_url: https://components.espressif.com
      require: private
      version: '>=1.0'
    - name: idf
      require: private
      version: '>=5.0'
    source:
      registry_url: https://components.espressif.com
      type: service
    version: 1.0.30
  espp/display:
    component_hash: acc5fd1f5209ef98c090f1f0c6ea7eff66fd6f391474567c4d4c9132ea72d9eb
    dependencies:
    - name: espp/base_component
      registry_url: https://components.espressif.com
      require: private
      version: '>=1.0'
    - name: espp/led
      registry_url: https://components.espressif.com
      require: private
      version: '>=1.0'
    - name: espp/task
      registry_url: https://components.espressif.com
      require: private
      version: '>=1.0'
    - name: idf
      require: private
      version: '>=5.0'
    - name: lvgl/lvgl
      registry_url: https://components.espressif.com
      require: private
      version: '>=9.2.2'
    source:
      registry_url: https://components.espressif.com/
      type: service
    version: 1.0.30
  espp/display_drivers:
    component_hash: 4cdbed44584e112a7fe154020579f682263dff382d87f5ec75a906b1437c81be
    dependencies:
    - name: espp/display
      registry_url: https://components.espressif.com
      require: private
      version: '>=1.0'
    - name: espp/led
      registry_url: https://components.espressif.com
      require: private
      version: '>=1.0'
    - name: idf
      require: private
      version: '>=5.0'
    source:
      registry_url: https://components.espressif.com
      type: service
    version: 1.0.30
  espp/format:
    component_hash: a36e56d8620d28997f37a41f005bd0af70ccf025f38320738f148e2c9579f2f1
    dependencies:
    - name: idf
      require: private
      version: '>=5.0'
    source:
      registry_url: https://components.espressif.com
      type: service
    version: 1.0.30
  espp/hid-rp:
    component_hash: bd8de662db0d9c9ae360a5578e2f99602eb7f1a9a725180ab27cbe5e671b8b76
    dependencies:
    - name: espp/format
      registry_url: https://components.espressif.com
      require: private
      version: '>=1.0'
    - name: idf
      require: private
      version: '>=5.0'
    source:
      registry_url: https://components.espressif.com/
      type: service
    version: 1.0.30
  espp/hid_service:
    component_hash: 4c2c096428f17a13f9237fe83b6317502eed4beab677e950586cee64cd10c648
    dependencies:
    - name: espp/base_component
      registry_url: https://components.espressif.com
      require: private
      version: '>=1.0'
    - name: h2zero/esp-nimble-cpp
      registry_url: https://components.espressif.com
      require: private
      version: '>=2.3.0'
    - name: idf
      require: private
      version: '>=5.0'
    source:
      registry_url: https://components.espressif.com/
      type: service
    version: 1.0.30
  espp/i2c:
    component_hash: 3a2b9d4724627cacf0fd7311ceeb1a54e52dadb555664fb4d110262bee760730
    dependencies:
    - name: espp/base_component
      registry_url: https://components.espressif.com
      require: private
      version: '>=1.0'
    - name: espp/cli
      registry_url: https://components.espressif.com
      require: private
      version: '>=1.0'
    - name: espp/task
      registry_url: https://components.espressif.com
      require: private
      version: '>=1.0'
    - name: idf
      require: private
      version: '>=5.0'
    source:
      registry_url: https://components.espressif.com
      type: service
    version: 1.0.30
  espp/interrupt:
    component_hash: efe025b341ab8c5f6c46b165435270c40917fab4203417c040c93733772de65e
    dependencies:
    - name: espp/base_component
      registry_url: https://components.espressif.com
      require: private
      version: '>=1.0'
    - name: espp/task
      registry_url: https://components.espressif.com
      require: private
      version: '>=1.0'
    - name: idf
      require: private
      version: '>=5.0'
    source:
      registry_url: https://components.espressif.com
      type: service
    version: 1.0.30
  espp/led:
    component_hash: 54b46f77c1b0a99abfad0b31c5543587413f0c32f5a86f1a4f24fbe561e3bcb2
    dependencies:
    - name: espp/base_component
      registry_url: https://components.espressif.com
      require: private
      version: '>=1.0'
    - name: espp/task
      registry_url: https://components.espressif.com
      require: private
      version: '>=1.0'
    - name: idf
      require: private
      version: '>=5.0'
    source:
      registry_url: https://components.espressif.com
      type: service
    version: 1.0.30
  espp/led_strip:
    component_hash: 378dc10e6cdffaff43724145d9379ad15f7931befb40ffedb9e1e89d90631b75
    dependencies:
    - name: espp/base_component
      registry_url: https://components.espressif.com
      require: private
      version: '>=1.0'
    - name: espp/color
      registry_url: https://components.espressif.com
      require: private
      version: '>=1.0'
    - name: idf
      require: private
      version: '>=5.0'
    source:
      registry_url: https://components.espressif.com
      type: service
    version: 1.0.30
  espp/logger:
    component_hash: 8e6fc4cb3ff9feabd726a5c6fa6465b3fafc704b7c8b283232f9bf98fa517bd8
    dependencies:
    - name: espp/format
      registry_url: https://components.espressif.com
      require: private
      version: '>=1.0'
    - name: idf
      require: private
      version: '>=5.0'
    source:
      registry_url: https://components.espressif.com/
      type: service
    version: 1.0.30
  espp/math:
    component_hash: 9fff8c6bcf2db4a715272a211a7f39738f36cad4f7bba90d03ef86429bce7fd8
    dependencies:
    - name: espp/format
      registry_url: https://components.espressif.com
      require: private
      version: '>=1.0'
    - name: idf
      require: private
      version: '>=5.0'
    source:
      registry_url: https://components.espressif.com/
      type: service
    version: 1.0.30
  espp/neopixel:
    component_hash: 45b85017880640f0460cf177fc02dbbf1ea39c6593a45a0028b9d85fa383d597
    dependencies:
    - name: espp/base_component
      registry_url: https://components.espressif.com
      require: private
      version: '>=1.0'
    - name: espp/color
      registry_url: https://components.espressif.com
      require: private
      version: '>=1.0'
    - name: espp/rmt
      registry_url: https://components.espressif.com
      require: private
      version: '>=1.0'
    - name: idf
      require: private
      version: '>=5.0'
    source:
      registry_url: https://components.espressif.com
      type: service
    version: 1.0.30
  espp/qtpy:
    component_hash: 4083bfa8f48b40aa5a941a5eb9a94b7755cf3307d4d2aa41c5ffbcd609073199
    dependencies:
    - name: espp/base_component
      registry_url: https://components.espressif.com
      require: private
      version: '>=1.0'
    - name: espp/i2c
      registry_url: https://components.espressif.com
      require: private
      version: '>=1.0'
    - name: espp/interrupt
      registry_url: https://components.espressif.com
      require: private
      version: '>=1.0'
    - name: espp/neopixel
      registry_url: https://components.espressif.com
      require: private
      version: '>=1.0'
    - name: espp/task
      registry_url: https://components.espressif.com
      require: private
      version: '>=1.0'
    - name: idf
      require: private
      version: '>=5.0'
    source:
      registry_url: https://components.espressif.com/
      type: service
    targets:
    - esp32
    - esp32s3
    version: 1.0.30
  espp/rmt:
    component_hash: 36759a1c2239d968dfee83ca3a19811ba50c1387db12455e56da0f3925413dac
    dependencies:
    - name: espp/base_component
      registry_url: https://components.espressif.com
      require: private
      version: '>=1.0'
    - name: idf
      require: private
      version: '>=5.0'
    source:
      registry_url: https://components.espressif.com
      type: service
    version: 1.0.30
  espp/t-dongle-s3:
    component_hash: 96db2d0d5667fa0a6c4934f56c9ee9c747fb39e5cc561ee5a30c816f99461fc6
    dependencies:
    - name: espp/base_component
      registry_url: https://components.espressif.com
      require: private
      version: '>=1.0'
    - name: espp/display
      registry_url: https://components.espressif.com
      require: private
      version: '>=1.0'
    - name: espp/display_drivers
      registry_url: https://components.espressif.com
      require: private
      version: '>=1.0'
    - name: espp/i2c
      registry_url: https://components.espressif.com
      require: private
      version: '>=1.0'
    - name: espp/interrupt
      registry_url: https://components.espressif.com
      require: private
      version: '>=1.0'
    - name: espp/led_strip
      registry_url: https://components.espressif.com
      require: private
      version: '>=1.0'
    - name: espp/task
      registry_url: https://components.espressif.com
      require: private
      version: '>=1.0'
    - name: idf
      require: private
      version: '>=5.0'
    source:
      registry_url: https://components.espressif.com/
      type: service
    targets:
    - esp32s3
    version: 1.0.30
  espp/task:
    component_hash: cd70ed978a323cd53b25862fc9b00a01eedaff32fbca8e422ae3ea921591d4c7
    dependencies:
    - name: espp/base_component
      registry_url: https://components.espressif.com
      require: private
      version: '>=1.0'
    - name: idf
      require: private
      version: '>=5.0'
    source:
      registry_url: https://components.espressif.com/
      type: service
    version: 1.0.30
  espp/timer:
    component_hash: d73199de3cf51deb76bfb5887c79f59e42a44ea9ad5031d2deffaad2cbd0d7ec
    dependencies:
    - name: espp/task
      registry_url: https://components.espressif.com
      require: private
      version: '>=1.0'
    - name: idf
      require: private
      version: '>=5.0'
    source:
      registry_url: https://components.espressif.com/
      type: service
    version: 1.0.30
  espressif/esp_tinyusb:
    component_hash: a8558cc89dae68552cb7a20123ffcb8db81a8a25bd560bc4d5b2f60a12bd6afb
    dependencies:
    - name: idf
      require: private
      version: '>=5.0'
    - name: espressif/tinyusb
      registry_url: https://components.espressif.com
      require: public
      version: '>=0.17.0'
    source:
      registry_url: https://components.espressif.com/
      type: service
    targets:
    - esp32s2
    - esp32s3
    - esp32p4
    - esp32h4
    version: 2.0.1
  espressif/tinyusb:
    component_hash: 63dfbf468a7969844c714917eee452d678cd4ba27ed23b729df94dfa5d0b0a6f
    dependencies:
    - name: idf
      require: private
      version: '>=5.0'
    source:
      registry_url: https://components.espressif.com
      type: service
    targets:
    - esp32s2
    - esp32s3
    - esp32p4
    - esp32h4
    version: 0.19.0~1
  h2zero/esp-nimble-cpp:
    component_hash: 53a8a861abde49ee21f687477709344fa4cee34cea38b475177648165fa9f859
    dependencies:
    - name: espressif/esp_hosted
      registry_url: https://components.espressif.com
      require: private
      rules:
      - if: target in [esp32p4]
      version: '*'
    - name: espressif/esp_wifi_remote
      registry_url: https://components.espressif.com
      require: private
      rules:
      - if: target in [esp32p4]
      version: '>=0.5.3'
    - name: idf
      require: private
      rules:
      - if: target in [esp32p4]
      version: '>=5.3.0'
    source:
      registry_url: https://components.espressif.com
      type: service
    version: 2.3.3
  idf:
    source:
      type: idf
    version: 5.5.1
  lvgl/lvgl:
    component_hash: 17e68bfd21f0edf4c3ee838e2273da840bf3930e5dbc3bfa6c1190c3aed41f9f
    dependencies: []
    source:
      registry_url: https://components.espressif.com
      type: service
    version: 9.4.0
direct_dependencies:
- espp/base_component
- espp/ble_gatt_server
- espp/display
- espp/hid-rp
- espp/hid_service
- espp/logger
- espp/math
- espp/qtpy
- espp/t-dongle-s3
- espp/task
- espp/timer
- espressif/esp_tinyusb
- idf
manifest_hash: 20aa77414d9e96dd85725cd0023412afe86b2a74d5fbcdf166f5814f18a1176f
target: esp32s3
version: 2.0.0
